
Microsoft Visual Studio Solution File, Format Version 12.00
# Visual Studio Version 16
VisualStudioVersion = 16.0.31515.178
MinimumVisualStudioVersion = 10.0.40219.1
Project("{FAE04EC0-301F-11D3-BF4B-00C04F79EFBC}") = "Cart", "Cart\Cart.csproj", "{C82A0D7C-E996-495F-9A47-F4A2650D9DF3}"
EndProject
Global
	GlobalSection(SolutionConfigurationPlatforms) = preSolution
		Debug|Any CPU = Debug|Any CPU
		Release|Any CPU = Release|Any CPU
	EndGlobalSection
	GlobalSection(ProjectConfigurationPlatforms) = postSolution
		{C82A0D7C-E996-495F-9A47-F4A2650D9DF3}.Debug|Any CPU.ActiveCfg = Debug|Any CPU
		{C82A0D7C-E996-495F-9A47-F4A2650D9DF3}.Debug|Any CPU.Build.0 = Debug|Any CPU
		{C82A0D7C-E996-495F-9A47-F4A2650D9DF3}.Release|Any CPU.ActiveCfg = Release|Any CPU
		{C82A0D7C-E996-495F-9A47-F4A2650D9DF3}.Release|Any CPU.Build.0 = Release|Any CPU
	EndGlobalSection
	GlobalSection(SolutionProperties) = preSolution
		HideSolutionNode = FALSE
	EndGlobalSection
	GlobalSection(ExtensibilityGlobals) = postSolution
		SolutionGuid = {3F85C18F-0B67-4427-AB1A-3D0418263E6B}
	EndGlobalSection
EndGlobal
